
Microsoft Visual Studio Solution File, Format Version 12.00
# Visual Studio Version 17
VisualStudioVersion = 17.11.35303.130
MinimumVisualStudioVersion = 10.0.40219.1
Project("{FAE04EC0-301F-11D3-BF4B-00C04F79EFBC}") = "Week8EpicGame", "Week8EpicGame\Week8EpicGame.csproj", "{8D32CC7D-898E-4A3C-B877-11CF10B85E84}"
EndProject
Global
	GlobalSection(SolutionConfigurationPlatforms) = preSolution
		Debug|Any CPU = Debug|Any CPU
		Release|Any CPU = Release|Any CPU
	EndGlobalSection
	GlobalSection(ProjectConfigurationPlatforms) = postSolution
		{8D32CC7D-898E-4A3C-B877-11CF10B85E84}.Debug|Any CPU.ActiveCfg = Debug|Any CPU
		{8D32CC7D-898E-4A3C-B877-11CF10B85E84}.Debug|Any CPU.Build.0 = Debug|Any CPU
		{8D32CC7D-898E-4A3C-B877-11CF10B85E84}.Release|Any CPU.ActiveCfg = Release|Any CPU
		{8D32CC7D-898E-4A3C-B877-11CF10B85E84}.Release|Any CPU.Build.0 = Release|Any CPU
	EndGlobalSection
	GlobalSection(SolutionProperties) = preSolution
		HideSolutionNode = FALSE
	EndGlobalSection
	GlobalSection(ExtensibilityGlobals) = postSolution
		SolutionGuid = {9339075F-B0EA-4132-A655-B38EE4EFA255}
	EndGlobalSection
EndGlobal
